// !$*UTF8*$!
{
	archiveVersion = 1;
	classes = {
	};
	objectVersion = 56;
	objects = {

/* Begin PBXBuildFile section */
		DD011D062900F95F0089C4F3 /* BoxPostProcessingRenderer.swift in Sources */ = {isa = PBXBuildFile; fileRef = DD011D052900F95F0089C4F3 /* BoxPostProcessingRenderer.swift */; };
		DD033F0128EBB49B00E8F466 /* AppDelegate.swift in Sources */ = {isa = PBXBuildFile; fileRef = DD033F0028EBB49B00E8F466 /* AppDelegate.swift */; };
		DD033F0528EBB49B00E8F466 /* GLViewController.swift in Sources */ = {isa = PBXBuildFile; fileRef = DD033F0428EBB49B00E8F466 /* GLViewController.swift */; };
		DD033F0A28EBB49D00E8F466 /* Assets.xcassets in Resources */ = {isa = PBXBuildFile; fileRef = DD033F0928EBB49D00E8F466 /* Assets.xcassets */; };
		DD033F0D28EBB49D00E8F466 /* LaunchScreen.storyboard in Resources */ = {isa = PBXBuildFile; fileRef = DD033F0B28EBB49D00E8F466 /* LaunchScreen.storyboard */; };
		DD21422C2901FF6500DF3575 /* PostProcessingVertex.glsl in Resources */ = {isa = PBXBuildFile; fileRef = DD21422B2901FF6500DF3575 /* PostProcessingVertex.glsl */; };
		DD21422E2901FFD400DF3575 /* PostProcessingInverceFragment.glsl in Resources */ = {isa = PBXBuildFile; fileRef = DD21422D2901FFD400DF3575 /* PostProcessingInverceFragment.glsl */; };
		DD214230290201CE00DF3575 /* Object2DWithTextureDescriptor.swift in Sources */ = {isa = PBXBuildFile; fileRef = DD21422F290201CE00DF3575 /* Object2DWithTextureDescriptor.swift */; };
		DD2142322902217B00DF3575 /* PostProcessingGrayscaleFragment.glsl in Resources */ = {isa = PBXBuildFile; fileRef = DD2142312902217B00DF3575 /* PostProcessingGrayscaleFragment.glsl */; };
		DD214234290222B600DF3575 /* PostProcessingBlurFragment.glsl in Resources */ = {isa = PBXBuildFile; fileRef = DD214233290222B600DF3575 /* PostProcessingBlurFragment.glsl */; };
		DD214236290226B500DF3575 /* PostProcessingSobelFragment.glsl in Resources */ = {isa = PBXBuildFile; fileRef = DD214235290226B500DF3575 /* PostProcessingSobelFragment.glsl */; };
		DD2142382903855D00DF3575 /* PostProcessingGaussianBlurFragment.glsl in Resources */ = {isa = PBXBuildFile; fileRef = DD2142372903855D00DF3575 /* PostProcessingGaussianBlurFragment.glsl */; };
		DD21423A290491BC00DF3575 /* GLShaderUniform.swift in Sources */ = {isa = PBXBuildFile; fileRef = DD214239290491BC00DF3575 /* GLShaderUniform.swift */; };
		DD21423C2904981400DF3575 /* BoxTwoPassGaussianBlurRenderer.swift in Sources */ = {isa = PBXBuildFile; fileRef = DD21423B2904981400DF3575 /* BoxTwoPassGaussianBlurRenderer.swift */; };
		DD351A0C2904E66500C50D50 /* BoxWithPanelRenderer.swift in Sources */ = {isa = PBXBuildFile; fileRef = DD351A0B2904E66400C50D50 /* BoxWithPanelRenderer.swift */; };
		DD351A0E2904E74A00C50D50 /* PostProcessingFragment.glsl in Resources */ = {isa = PBXBuildFile; fileRef = DD351A0D2904E74A00C50D50 /* PostProcessingFragment.glsl */; };
		DD351A102904E7E100C50D50 /* PostProcessing3DVertex.glsl in Resources */ = {isa = PBXBuildFile; fileRef = DD351A0F2904E7E100C50D50 /* PostProcessing3DVertex.glsl */; };
		DD351A1329056B1800C50D50 /* PointsVertex.glsl in Resources */ = {isa = PBXBuildFile; fileRef = DD351A1229056B1800C50D50 /* PointsVertex.glsl */; };
		DD351A1529056B4F00C50D50 /* PointsFragment.glsl in Resources */ = {isa = PBXBuildFile; fileRef = DD351A1429056B4F00C50D50 /* PointsFragment.glsl */; };
		DD351A1729056C8200C50D50 /* Points2Descriptor.swift in Sources */ = {isa = PBXBuildFile; fileRef = DD351A1629056C8200C50D50 /* Points2Descriptor.swift */; };
		DD351A192905730800C50D50 /* PointsRenderer.swift in Sources */ = {isa = PBXBuildFile; fileRef = DD351A182905730800C50D50 /* PointsRenderer.swift */; };
		DD5CC0D1290CC03200471A29 /* String+Unsafe.swift in Sources */ = {isa = PBXBuildFile; fileRef = DD5CC0D0290CC03200471A29 /* String+Unsafe.swift */; };
		DD5CC0D3290CC0C900471A29 /* Array+Unsafe.swift in Sources */ = {isa = PBXBuildFile; fileRef = DD5CC0D2290CC0C900471A29 /* Array+Unsafe.swift */; };
		DD5CC0D5290CC34700471A29 /* GLKMatrix4+Unsafe.swift in Sources */ = {isa = PBXBuildFile; fileRef = DD5CC0D4290CC34700471A29 /* GLKMatrix4+Unsafe.swift */; };
		DD7A8F59290B612100A03B79 /* GravityPointsDescriptor.swift in Sources */ = {isa = PBXBuildFile; fileRef = DD7A8F58290B612100A03B79 /* GravityPointsDescriptor.swift */; };
		DD7A8F5B290B62A100A03B79 /* GLFeedbackVaryings.swift in Sources */ = {isa = PBXBuildFile; fileRef = DD7A8F5A290B62A100A03B79 /* GLFeedbackVaryings.swift */; };
		DDAABDF828F1E80400A1B170 /* GLProgram.swift in Sources */ = {isa = PBXBuildFile; fileRef = DDAABDF728F1E80400A1B170 /* GLProgram.swift */; };
		DDAABDFB28F1E9EC00A1B170 /* SimpleVertex.glsl in Resources */ = {isa = PBXBuildFile; fileRef = DDAABDFA28F1E9EC00A1B170 /* SimpleVertex.glsl */; };
		DDAABDFF28F1EA5100A1B170 /* SimpleFragment.glsl in Resources */ = {isa = PBXBuildFile; fileRef = DDAABDFE28F1EA5100A1B170 /* SimpleFragment.glsl */; };
		DDAABE0128F2132F00A1B170 /* GLVertexAttributes.swift in Sources */ = {isa = PBXBuildFile; fileRef = DDAABE0028F2132F00A1B170 /* GLVertexAttributes.swift */; };
		DDAABE0328F22D9100A1B170 /* GLMesh.swift in Sources */ = {isa = PBXBuildFile; fileRef = DDAABE0228F22D9100A1B170 /* GLMesh.swift */; };
		DDAABE0528F2358900A1B170 /* GLRenderer.swift in Sources */ = {isa = PBXBuildFile; fileRef = DDAABE0428F2358900A1B170 /* GLRenderer.swift */; };
		DDAABE0728F2395C00A1B170 /* GLShader.swift in Sources */ = {isa = PBXBuildFile; fileRef = DDAABE0628F2395C00A1B170 /* GLShader.swift */; };
		DDAABE0D28F242E000A1B170 /* TextureMixFragment.glsl in Resources */ = {isa = PBXBuildFile; fileRef = DDAABE0C28F242E000A1B170 /* TextureMixFragment.glsl */; };
		DDAABE0F28F32FAD00A1B170 /* GLTexture.swift in Sources */ = {isa = PBXBuildFile; fileRef = DDAABE0E28F32FAD00A1B170 /* GLTexture.swift */; };
		DDAABE1128F36AF900A1B170 /* Image.swift in Sources */ = {isa = PBXBuildFile; fileRef = DDAABE1028F36AF900A1B170 /* Image.swift */; };
		DDAABE1428F36C3D00A1B170 /* ObjWithTextureRenderer.swift in Sources */ = {isa = PBXBuildFile; fileRef = DDAABE1328F36C3D00A1B170 /* ObjWithTextureRenderer.swift */; };
		DDAABE1628F36EA400A1B170 /* Renderers.swift in Sources */ = {isa = PBXBuildFile; fileRef = DDAABE1528F36EA400A1B170 /* Renderers.swift */; };
		DDAABE1828F3742100A1B170 /* TextureWithWaterEffectFragment.glsl in Resources */ = {isa = PBXBuildFile; fileRef = DDAABE1728F3742100A1B170 /* TextureWithWaterEffectFragment.glsl */; };
		DDBF68A729162AD90026BB8E /* GLRendererDelegate.swift in Sources */ = {isa = PBXBuildFile; fileRef = DDBF68A629162AD90026BB8E /* GLRendererDelegate.swift */; };
		DDD8AE9528F89050006C70C8 /* GLMath.swift in Sources */ = {isa = PBXBuildFile; fileRef = DDD8AE9428F89050006C70C8 /* GLMath.swift */; };
		DDD8AE9928FB088B006C70C8 /* GLMeshDescriptor.swift in Sources */ = {isa = PBXBuildFile; fileRef = DDD8AE9828FB088B006C70C8 /* GLMeshDescriptor.swift */; };
		DDD8AE9D28FB0929006C70C8 /* Object2DWithColorDescriptor.swift in Sources */ = {isa = PBXBuildFile; fileRef = DDD8AE9C28FB0929006C70C8 /* Object2DWithColorDescriptor.swift */; };
		DDD8AE9F28FB0AB4006C70C8 /* Object3DWithTextureDescriptor.swift in Sources */ = {isa = PBXBuildFile; fileRef = DDD8AE9E28FB0AB4006C70C8 /* Object3DWithTextureDescriptor.swift */; };
		DDD8AEA328FB0CAF006C70C8 /* ObjWithTextureVertex.glsl in Resources */ = {isa = PBXBuildFile; fileRef = DDD8AEA228FB0CAF006C70C8 /* ObjWithTextureVertex.glsl */; };
		DDD8AEA528FCCEFE006C70C8 /* BoxWithMirroringRenderer.swift in Sources */ = {isa = PBXBuildFile; fileRef = DDD8AEA428FCCEFE006C70C8 /* BoxWithMirroringRenderer.swift */; };
		DDD8AEA728FCD219006C70C8 /* Object3DWithColorDescriptor.swift in Sources */ = {isa = PBXBuildFile; fileRef = DDD8AEA628FCD219006C70C8 /* Object3DWithColorDescriptor.swift */; };
		DDD8AEAA28FCD35E006C70C8 /* Obj3DVertex.glsl in Resources */ = {isa = PBXBuildFile; fileRef = DDD8AEA928FCD35E006C70C8 /* Obj3DVertex.glsl */; };
		DDD8AEAE28FCD42D006C70C8 /* Obj3DFragment.glsl in Resources */ = {isa = PBXBuildFile; fileRef = DDD8AEAD28FCD42D006C70C8 /* Obj3DFragment.glsl */; };
		DDEA70A6290E035600D9B92D /* RenderersListViewController.swift in Sources */ = {isa = PBXBuildFile; fileRef = DDEA70A5290E035600D9B92D /* RenderersListViewController.swift */; };
		DDEA70A9290E094800D9B92D /* RenderersListTableViewtCell.swift in Sources */ = {isa = PBXBuildFile; fileRef = DDEA70A8290E094800D9B92D /* RenderersListTableViewtCell.swift */; };
		DDEA70AB290E0EB900D9B92D /* GLRendererModel.swift in Sources */ = {isa = PBXBuildFile; fileRef = DDEA70AA290E0EB900D9B92D /* GLRendererModel.swift */; };
		DDEA70AD290E110C00D9B92D /* RenderersListViewControllerOutput.swift in Sources */ = {isa = PBXBuildFile; fileRef = DDEA70AC290E110C00D9B92D /* RenderersListViewControllerOutput.swift */; };
		DDEA70AF290EE8FC00D9B92D /* TextureRenderer.swift in Sources */ = {isa = PBXBuildFile; fileRef = DDEA70AE290EE8FC00D9B92D /* TextureRenderer.swift */; };
		DDEA70B2290EEA6F00D9B92D /* TextureVertex.glsl in Resources */ = {isa = PBXBuildFile; fileRef = DDEA70B1290EEA6F00D9B92D /* TextureVertex.glsl */; };
		DDEA70B4290EEA7F00D9B92D /* TextureFragment.glsl in Resources */ = {isa = PBXBuildFile; fileRef = DDEA70B3290EEA7F00D9B92D /* TextureFragment.glsl */; };
		DDF154FB2908BA1B0039D5C4 /* GravityPointsRenderer.swift in Sources */ = {isa = PBXBuildFile; fileRef = DDF154FA2908BA1B0039D5C4 /* GravityPointsRenderer.swift */; };
		DDF154FE2908BA670039D5C4 /* GravityPointsVertex.glsl in Resources */ = {isa = PBXBuildFile; fileRef = DDF154FD2908BA670039D5C4 /* GravityPointsVertex.glsl */; };
		DDF155002908BB2C0039D5C4 /* GravityPointsFragment.glsl in Resources */ = {isa = PBXBuildFile; fileRef = DDF154FF2908BB2C0039D5C4 /* GravityPointsFragment.glsl */; };
/* End PBXBuildFile section */

/* Begin PBXFileReference section */
		DD011D052900F95F0089C4F3 /* BoxPostProcessingRenderer.swift */ = {isa = PBXFileReference; lastKnownFileType = sourcecode.swift; path = BoxPostProcessingRenderer.swift; sourceTree = "<group>"; };
		DD033EFD28EBB49B00E8F466 /* OpenGLExample.app */ = {isa = PBXFileReference; explicitFileType = wrapper.application; includeInIndex = 0; path = OpenGLExample.app; sourceTree = BUILT_PRODUCTS_DIR; };
		DD033F0028EBB49B00E8F466 /* AppDelegate.swift */ = {isa = PBXFileReference; lastKnownFileType = sourcecode.swift; path = AppDelegate.swift; sourceTree = "<group>"; };
		DD033F0428EBB49B00E8F466 /* GLViewController.swift */ = {isa = PBXFileReference; lastKnownFileType = sourcecode.swift; path = GLViewController.swift; sourceTree = "<group>"; };
		DD033F0928EBB49D00E8F466 /* Assets.xcassets */ = {isa = PBXFileReference; lastKnownFileType = folder.assetcatalog; path = Assets.xcassets; sourceTree = "<group>"; };
		DD033F0C28EBB49D00E8F466 /* Base */ = {isa = PBXFileReference; lastKnownFileType = file.storyboard; name = Base; path = Base.lproj/LaunchScreen.storyboard; sourceTree = "<group>"; };
		DD21422B2901FF6500DF3575 /* PostProcessingVertex.glsl */ = {isa = PBXFileReference; lastKnownFileType = text; path = PostProcessingVertex.glsl; sourceTree = "<group>"; };
		DD21422D2901FFD400DF3575 /* PostProcessingInverceFragment.glsl */ = {isa = PBXFileReference; lastKnownFileType = text; path = PostProcessingInverceFragment.glsl; sourceTree = "<group>"; };
		DD21422F290201CE00DF3575 /* Object2DWithTextureDescriptor.swift */ = {isa = PBXFileReference; lastKnownFileType = sourcecode.swift; path = Object2DWithTextureDescriptor.swift; sourceTree = "<group>"; };
		DD2142312902217B00DF3575 /* PostProcessingGrayscaleFragment.glsl */ = {isa = PBXFileReference; lastKnownFileType = text; path = PostProcessingGrayscaleFragment.glsl; sourceTree = "<group>"; };
		DD214233290222B600DF3575 /* PostProcessingBlurFragment.glsl */ = {isa = PBXFileReference; lastKnownFileType = text; path = PostProcessingBlurFragment.glsl; sourceTree = "<group>"; };
		DD214235290226B500DF3575 /* PostProcessingSobelFragment.glsl */ = {isa = PBXFileReference; lastKnownFileType = text; path = PostProcessingSobelFragment.glsl; sourceTree = "<group>"; };
		DD2142372903855D00DF3575 /* PostProcessingGaussianBlurFragment.glsl */ = {isa = PBXFileReference; lastKnownFileType = text; path = PostProcessingGaussianBlurFragment.glsl; sourceTree = "<group>"; };
		DD214239290491BC00DF3575 /* GLShaderUniform.swift */ = {isa = PBXFileReference; lastKnownFileType = sourcecode.swift; path = GLShaderUniform.swift; sourceTree = "<group>"; };
		DD21423B2904981400DF3575 /* BoxTwoPassGaussianBlurRenderer.swift */ = {isa = PBXFileReference; lastKnownFileType = sourcecode.swift; path = BoxTwoPassGaussianBlurRenderer.swift; sourceTree = "<group>"; };
		DD351A0B2904E66400C50D50 /* BoxWithPanelRenderer.swift */ = {isa = PBXFileReference; lastKnownFileType = sourcecode.swift; path = BoxWithPanelRenderer.swift; sourceTree = "<group>"; };
		DD351A0D2904E74A00C50D50 /* PostProcessingFragment.glsl */ = {isa = PBXFileReference; lastKnownFileType = text; path = PostProcessingFragment.glsl; sourceTree = "<group>"; };
		DD351A0F2904E7E100C50D50 /* PostProcessing3DVertex.glsl */ = {isa = PBXFileReference; lastKnownFileType = text; path = PostProcessing3DVertex.glsl; sourceTree = "<group>"; };
		DD351A1229056B1800C50D50 /* PointsVertex.glsl */ = {isa = PBXFileReference; lastKnownFileType = text; path = PointsVertex.glsl; sourceTree = "<group>"; };
		DD351A1429056B4F00C50D50 /* PointsFragment.glsl */ = {isa = PBXFileReference; lastKnownFileType = text; path = PointsFragment.glsl; sourceTree = "<group>"; };
		DD351A1629056C8200C50D50 /* Points2Descriptor.swift */ = {isa = PBXFileReference; lastKnownFileType = sourcecode.swift; path = Points2Descriptor.swift; sourceTree = "<group>"; };
		DD351A182905730800C50D50 /* PointsRenderer.swift */ = {isa = PBXFileReference; lastKnownFileType = sourcecode.swift; path = PointsRenderer.swift; sourceTree = "<group>"; };
		DD5CC0D0290CC03200471A29 /* String+Unsafe.swift */ = {isa = PBXFileReference; lastKnownFileType = sourcecode.swift; path = "String+Unsafe.swift"; sourceTree = "<group>"; };
		DD5CC0D2290CC0C900471A29 /* Array+Unsafe.swift */ = {isa = PBXFileReference; lastKnownFileType = sourcecode.swift; path = "Array+Unsafe.swift"; sourceTree = "<group>"; };
		DD5CC0D4290CC34700471A29 /* GLKMatrix4+Unsafe.swift */ = {isa = PBXFileReference; lastKnownFileType = sourcecode.swift; path = "GLKMatrix4+Unsafe.swift"; sourceTree = "<group>"; };
		DD7A8F58290B612100A03B79 /* GravityPointsDescriptor.swift */ = {isa = PBXFileReference; lastKnownFileType = sourcecode.swift; path = GravityPointsDescriptor.swift; sourceTree = "<group>"; };
		DD7A8F5A290B62A100A03B79 /* GLFeedbackVaryings.swift */ = {isa = PBXFileReference; lastKnownFileType = sourcecode.swift; path = GLFeedbackVaryings.swift; sourceTree = "<group>"; };
		DDAABDF728F1E80400A1B170 /* GLProgram.swift */ = {isa = PBXFileReference; lastKnownFileType = sourcecode.swift; path = GLProgram.swift; sourceTree = "<group>"; };
		DDAABDFA28F1E9EC00A1B170 /* SimpleVertex.glsl */ = {isa = PBXFileReference; lastKnownFileType = text; path = SimpleVertex.glsl; sourceTree = "<group>"; };
		DDAABDFE28F1EA5100A1B170 /* SimpleFragment.glsl */ = {isa = PBXFileReference; lastKnownFileType = text; path = SimpleFragment.glsl; sourceTree = "<group>"; };
		DDAABE0028F2132F00A1B170 /* GLVertexAttributes.swift */ = {isa = PBXFileReference; lastKnownFileType = sourcecode.swift; path = GLVertexAttributes.swift; sourceTree = "<group>"; };
		DDAABE0228F22D9100A1B170 /* GLMesh.swift */ = {isa = PBXFileReference; lastKnownFileType = sourcecode.swift; path = GLMesh.swift; sourceTree = "<group>"; };
		DDAABE0428F2358900A1B170 /* GLRenderer.swift */ = {isa = PBXFileReference; lastKnownFileType = sourcecode.swift; path = GLRenderer.swift; sourceTree = "<group>"; };
		DDAABE0628F2395C00A1B170 /* GLShader.swift */ = {isa = PBXFileReference; lastKnownFileType = sourcecode.swift; path = GLShader.swift; sourceTree = "<group>"; };
		DDAABE0C28F242E000A1B170 /* TextureMixFragment.glsl */ = {isa = PBXFileReference; lastKnownFileType = text; path = TextureMixFragment.glsl; sourceTree = "<group>"; };
		DDAABE0E28F32FAD00A1B170 /* GLTexture.swift */ = {isa = PBXFileReference; lastKnownFileType = sourcecode.swift; path = GLTexture.swift; sourceTree = "<group>"; };
		DDAABE1028F36AF900A1B170 /* Image.swift */ = {isa = PBXFileReference; lastKnownFileType = sourcecode.swift; path = Image.swift; sourceTree = "<group>"; };
		DDAABE1328F36C3D00A1B170 /* ObjWithTextureRenderer.swift */ = {isa = PBXFileReference; lastKnownFileType = sourcecode.swift; path = ObjWithTextureRenderer.swift; sourceTree = "<group>"; };
		DDAABE1528F36EA400A1B170 /* Renderers.swift */ = {isa = PBXFileReference; lastKnownFileType = sourcecode.swift; path = Renderers.swift; sourceTree = "<group>"; };
		DDAABE1728F3742100A1B170 /* TextureWithWaterEffectFragment.glsl */ = {isa = PBXFileReference; lastKnownFileType = text; path = TextureWithWaterEffectFragment.glsl; sourceTree = "<group>"; };
		DDBF68A629162AD90026BB8E /* GLRendererDelegate.swift */ = {isa = PBXFileReference; lastKnownFileType = sourcecode.swift; path = GLRendererDelegate.swift; sourceTree = "<group>"; };
		DDD8AE9428F89050006C70C8 /* GLMath.swift */ = {isa = PBXFileReference; lastKnownFileType = sourcecode.swift; path = GLMath.swift; sourceTree = "<group>"; };
		DDD8AE9828FB088B006C70C8 /* GLMeshDescriptor.swift */ = {isa = PBXFileReference; lastKnownFileType = sourcecode.swift; path = GLMeshDescriptor.swift; sourceTree = "<group>"; };
		DDD8AE9C28FB0929006C70C8 /* Object2DWithColorDescriptor.swift */ = {isa = PBXFileReference; lastKnownFileType = sourcecode.swift; path = Object2DWithColorDescriptor.swift; sourceTree = "<group>"; };
		DDD8AE9E28FB0AB4006C70C8 /* Object3DWithTextureDescriptor.swift */ = {isa = PBXFileReference; lastKnownFileType = sourcecode.swift; path = Object3DWithTextureDescriptor.swift; sourceTree = "<group>"; };
		DDD8AEA228FB0CAF006C70C8 /* ObjWithTextureVertex.glsl */ = {isa = PBXFileReference; lastKnownFileType = text; path = ObjWithTextureVertex.glsl; sourceTree = "<group>"; };
		DDD8AEA428FCCEFE006C70C8 /* BoxWithMirroringRenderer.swift */ = {isa = PBXFileReference; lastKnownFileType = sourcecode.swift; path = BoxWithMirroringRenderer.swift; sourceTree = "<group>"; };
		DDD8AEA628FCD219006C70C8 /* Object3DWithColorDescriptor.swift */ = {isa = PBXFileReference; lastKnownFileType = sourcecode.swift; path = Object3DWithColorDescriptor.swift; sourceTree = "<group>"; };
		DDD8AEA928FCD35E006C70C8 /* Obj3DVertex.glsl */ = {isa = PBXFileReference; lastKnownFileType = text; path = Obj3DVertex.glsl; sourceTree = "<group>"; };
		DDD8AEAD28FCD42D006C70C8 /* Obj3DFragment.glsl */ = {isa = PBXFileReference; lastKnownFileType = text; path = Obj3DFragment.glsl; sourceTree = "<group>"; };
		DDEA70A5290E035600D9B92D /* RenderersListViewController.swift */ = {isa = PBXFileReference; lastKnownFileType = sourcecode.swift; path = RenderersListViewController.swift; sourceTree = "<group>"; };
		DDEA70A8290E094800D9B92D /* RenderersListTableViewtCell.swift */ = {isa = PBXFileReference; lastKnownFileType = sourcecode.swift; path = RenderersListTableViewtCell.swift; sourceTree = "<group>"; };
		DDEA70AA290E0EB900D9B92D /* GLRendererModel.swift */ = {isa = PBXFileReference; lastKnownFileType = sourcecode.swift; path = GLRendererModel.swift; sourceTree = "<group>"; };
		DDEA70AC290E110C00D9B92D /* RenderersListViewControllerOutput.swift */ = {isa = PBXFileReference; lastKnownFileType = sourcecode.swift; path = RenderersListViewControllerOutput.swift; sourceTree = "<group>"; };
		DDEA70AE290EE8FC00D9B92D /* TextureRenderer.swift */ = {isa = PBXFileReference; lastKnownFileType = sourcecode.swift; path = TextureRenderer.swift; sourceTree = "<group>"; };
		DDEA70B1290EEA6F00D9B92D /* TextureVertex.glsl */ = {isa = PBXFileReference; lastKnownFileType = text; path = TextureVertex.glsl; sourceTree = "<group>"; };
		DDEA70B3290EEA7F00D9B92D /* TextureFragment.glsl */ = {isa = PBXFileReference; lastKnownFileType = text; path = TextureFragment.glsl; sourceTree = "<group>"; };
		DDF154FA2908BA1B0039D5C4 /* GravityPointsRenderer.swift */ = {isa = PBXFileReference; lastKnownFileType = sourcecode.swift; path = GravityPointsRenderer.swift; sourceTree = "<group>"; };
		DDF154FD2908BA670039D5C4 /* GravityPointsVertex.glsl */ = {isa = PBXFileReference; lastKnownFileType = text; path = GravityPointsVertex.glsl; sourceTree = "<group>"; };
		DDF154FF2908BB2C0039D5C4 /* GravityPointsFragment.glsl */ = {isa = PBXFileReference; lastKnownFileType = text; path = GravityPointsFragment.glsl; sourceTree = "<group>"; };
/* End PBXFileReference section */

/* Begin PBXFrameworksBuildPhase section */
		DD033EFA28EBB49B00E8F466 /* Frameworks */ = {
			isa = PBXFrameworksBuildPhase;
			buildActionMask = 2147483647;
			files = (
			);
			runOnlyForDeploymentPostprocessing = 0;
		};
/* End PBXFrameworksBuildPhase section */

/* Begin PBXGroup section */
		DD033EF428EBB49B00E8F466 = {
			isa = PBXGroup;
			children = (
				DD033EFF28EBB49B00E8F466 /* OpenGLExample */,
				DD033EFE28EBB49B00E8F466 /* Products */,
			);
			sourceTree = "<group>";
		};
		DD033EFE28EBB49B00E8F466 /* Products */ = {
			isa = PBXGroup;
			children = (
				DD033EFD28EBB49B00E8F466 /* OpenGLExample.app */,
			);
			name = Products;
			sourceTree = "<group>";
		};
		DD033EFF28EBB49B00E8F466 /* OpenGLExample */ = {
			isa = PBXGroup;
			children = (
				DD033F0028EBB49B00E8F466 /* AppDelegate.swift */,
				DD033F0428EBB49B00E8F466 /* GLViewController.swift */,
				DDEA70A7290E092C00D9B92D /* RenderersList */,
				DDAABE1028F36AF900A1B170 /* Image.swift */,
				DDAABDF628F1E7C000A1B170 /* GLCore */,
				DD033F0928EBB49D00E8F466 /* Assets.xcassets */,
				DD033F0B28EBB49D00E8F466 /* LaunchScreen.storyboard */,
			);
			path = OpenGLExample;
			sourceTree = "<group>";
		};
		DD21422A2901FF3500DF3575 /* PostProcessing */ = {
			isa = PBXGroup;
			children = (
				DD21422B2901FF6500DF3575 /* PostProcessingVertex.glsl */,
				DD351A0F2904E7E100C50D50 /* PostProcessing3DVertex.glsl */,
				DD351A0D2904E74A00C50D50 /* PostProcessingFragment.glsl */,
				DD21422D2901FFD400DF3575 /* PostProcessingInverceFragment.glsl */,
				DD2142312902217B00DF3575 /* PostProcessingGrayscaleFragment.glsl */,
				DD214233290222B600DF3575 /* PostProcessingBlurFragment.glsl */,
				DD214235290226B500DF3575 /* PostProcessingSobelFragment.glsl */,
				DD2142372903855D00DF3575 /* PostProcessingGaussianBlurFragment.glsl */,
			);
			path = PostProcessing;
			sourceTree = "<group>";
		};
		DD351A1129056AFE00C50D50 /* Points */ = {
			isa = PBXGroup;
			children = (
				DD351A1229056B1800C50D50 /* PointsVertex.glsl */,
				DD351A1429056B4F00C50D50 /* PointsFragment.glsl */,
			);
			path = Points;
			sourceTree = "<group>";
		};
		DD5CC0CF290CC00000471A29 /* Extensions */ = {
			isa = PBXGroup;
			children = (
				DD5CC0D0290CC03200471A29 /* String+Unsafe.swift */,
				DD5CC0D2290CC0C900471A29 /* Array+Unsafe.swift */,
				DD5CC0D4290CC34700471A29 /* GLKMatrix4+Unsafe.swift */,
			);
			path = Extensions;
			sourceTree = "<group>";
		};
		DDAABDF628F1E7C000A1B170 /* GLCore */ = {
			isa = PBXGroup;
			children = (
				DDD8AE9328F89028006C70C8 /* GLMath */,
				DDAABE1228F36C1700A1B170 /* Renderers */,
				DDAABDF928F1E9BD00A1B170 /* Shaders */,
				DDAABDF728F1E80400A1B170 /* GLProgram.swift */,
				DD7A8F5A290B62A100A03B79 /* GLFeedbackVaryings.swift */,
				DDD8AE9A28FB08BD006C70C8 /* GLMesh */,
				DDAABE0E28F32FAD00A1B170 /* GLTexture.swift */,
				DD5CC0CF290CC00000471A29 /* Extensions */,
			);
			path = GLCore;
			sourceTree = "<group>";
		};
		DDAABDF928F1E9BD00A1B170 /* Shaders */ = {
			isa = PBXGroup;
			children = (
				DDEA70B0290EEA4A00D9B92D /* Texture */,
				DDF154FC2908BA3F0039D5C4 /* GravityPoints */,
				DD351A1129056AFE00C50D50 /* Points */,
				DD21422A2901FF3500DF3575 /* PostProcessing */,
				DDD8AEA828FCD2EE006C70C8 /* Obj3D */,
				DDAABE0928F2422700A1B170 /* ObjWithTexture */,
				DDAABE0828F2421700A1B170 /* Simple */,
				DDAABE0628F2395C00A1B170 /* GLShader.swift */,
				DD214239290491BC00DF3575 /* GLShaderUniform.swift */,
			);
			path = Shaders;
			sourceTree = "<group>";
		};
		DDAABE0828F2421700A1B170 /* Simple */ = {
			isa = PBXGroup;
			children = (
				DDAABDFA28F1E9EC00A1B170 /* SimpleVertex.glsl */,
				DDAABDFE28F1EA5100A1B170 /* SimpleFragment.glsl */,
			);
			path = Simple;
			sourceTree = "<group>";
		};
		DDAABE0928F2422700A1B170 /* ObjWithTexture */ = {
			isa = PBXGroup;
			children = (
				DDD8AEA228FB0CAF006C70C8 /* ObjWithTextureVertex.glsl */,
				DDAABE0C28F242E000A1B170 /* TextureMixFragment.glsl */,
				DDAABE1728F3742100A1B170 /* TextureWithWaterEffectFragment.glsl */,
			);
			path = ObjWithTexture;
			sourceTree = "<group>";
		};
		DDAABE1228F36C1700A1B170 /* Renderers */ = {
			isa = PBXGroup;
			children = (
				DDEA70B52910AF7000D9B92D /* GLRenderer */,
				DDAABE1528F36EA400A1B170 /* Renderers.swift */,
				DDEA70AA290E0EB900D9B92D /* GLRendererModel.swift */,
			);
			path = Renderers;
			sourceTree = "<group>";
		};
		DDBF68A329162AA90026BB8E /* Renderers */ = {
			isa = PBXGroup;
			children = (
				DD351A182905730800C50D50 /* PointsRenderer.swift */,
				DDEA70AE290EE8FC00D9B92D /* TextureRenderer.swift */,
				DDAABE1328F36C3D00A1B170 /* ObjWithTextureRenderer.swift */,
				DDD8AEA428FCCEFE006C70C8 /* BoxWithMirroringRenderer.swift */,
				DD011D052900F95F0089C4F3 /* BoxPostProcessingRenderer.swift */,
				DD21423B2904981400DF3575 /* BoxTwoPassGaussianBlurRenderer.swift */,
				DD351A0B2904E66400C50D50 /* BoxWithPanelRenderer.swift */,
				DDF154FA2908BA1B0039D5C4 /* GravityPointsRenderer.swift */,
			);
			path = Renderers;
			sourceTree = "<group>";
		};
		DDD8AE9328F89028006C70C8 /* GLMath */ = {
			isa = PBXGroup;
			children = (
				DDD8AE9428F89050006C70C8 /* GLMath.swift */,
			);
			path = GLMath;
			sourceTree = "<group>";
		};
		DDD8AE9A28FB08BD006C70C8 /* GLMesh */ = {
			isa = PBXGroup;
			children = (
				DDAABE0228F22D9100A1B170 /* GLMesh.swift */,
				DDAABE0028F2132F00A1B170 /* GLVertexAttributes.swift */,
				DDD8AE9B28FB08C5006C70C8 /* GLMeshDescriptors */,
			);
			path = GLMesh;
			sourceTree = "<group>";
		};
		DDD8AE9B28FB08C5006C70C8 /* GLMeshDescriptors */ = {
			isa = PBXGroup;
			children = (
				DDD8AE9828FB088B006C70C8 /* GLMeshDescriptor.swift */,
				DD351A1629056C8200C50D50 /* Points2Descriptor.swift */,
				DDD8AE9C28FB0929006C70C8 /* Object2DWithColorDescriptor.swift */,
				DD21422F290201CE00DF3575 /* Object2DWithTextureDescriptor.swift */,
				DDD8AEA628FCD219006C70C8 /* Object3DWithColorDescriptor.swift */,
				DDD8AE9E28FB0AB4006C70C8 /* Object3DWithTextureDescriptor.swift */,
				DD7A8F58290B612100A03B79 /* GravityPointsDescriptor.swift */,
			);
			path = GLMeshDescriptors;
			sourceTree = "<group>";
		};
		DDD8AEA828FCD2EE006C70C8 /* Obj3D */ = {
			isa = PBXGroup;
			children = (
				DDD8AEA928FCD35E006C70C8 /* Obj3DVertex.glsl */,
				DDD8AEAD28FCD42D006C70C8 /* Obj3DFragment.glsl */,
			);
			path = Obj3D;
			sourceTree = "<group>";
		};
		DDEA70A7290E092C00D9B92D /* RenderersList */ = {
			isa = PBXGroup;
			children = (
				DDEA70AC290E110C00D9B92D /* RenderersListViewControllerOutput.swift */,
				DDEA70A5290E035600D9B92D /* RenderersListViewController.swift */,
				DDEA70A8290E094800D9B92D /* RenderersListTableViewtCell.swift */,
			);
			path = RenderersList;
			sourceTree = "<group>";
		};
		DDEA70B0290EEA4A00D9B92D /* Texture */ = {
			isa = PBXGroup;
			children = (
				DDEA70B1290EEA6F00D9B92D /* TextureVertex.glsl */,
				DDEA70B3290EEA7F00D9B92D /* TextureFragment.glsl */,
			);
			path = Texture;
			sourceTree = "<group>";
		};
		DDEA70B52910AF7000D9B92D /* GLRenderer */ = {
			isa = PBXGroup;
			children = (
				DDBF68A629162AD90026BB8E /* GLRendererDelegate.swift */,
				DDAABE0428F2358900A1B170 /* GLRenderer.swift */,
				DDBF68A329162AA90026BB8E /* Renderers */,
			);
			path = GLRenderer;
			sourceTree = "<group>";
		};
		DDF154FC2908BA3F0039D5C4 /* GravityPoints */ = {
			isa = PBXGroup;
			children = (
				DDF154FD2908BA670039D5C4 /* GravityPointsVertex.glsl */,
				DDF154FF2908BB2C0039D5C4 /* GravityPointsFragment.glsl */,
			);
			path = GravityPoints;
			sourceTree = "<group>";
		};
/* End PBXGroup section */

/* Begin PBXNativeTarget section */
		DD033EFC28EBB49B00E8F466 /* OpenGLExample */ = {
			isa = PBXNativeTarget;
			buildConfigurationList = DD033F1128EBB49D00E8F466 /* Build configuration list for PBXNativeTarget "OpenGLExample" */;
			buildPhases = (
				DD033EF928EBB49B00E8F466 /* Sources */,
				DD033EFA28EBB49B00E8F466 /* Frameworks */,
				DD033EFB28EBB49B00E8F466 /* Resources */,
			);
			buildRules = (
			);
			dependencies = (
			);
			name = OpenGLExample;
			productName = OpenGLExample;
			productReference = DD033EFD28EBB49B00E8F466 /* OpenGLExample.app */;
			productType = "com.apple.product-type.application";
		};
/* End PBXNativeTarget section */

/* Begin PBXProject section */
		DD033EF528EBB49B00E8F466 /* Project object */ = {
			isa = PBXProject;
			attributes = {
				BuildIndependentTargetsInParallel = 1;
				LastSwiftUpdateCheck = 1400;
				LastUpgradeCheck = 1400;
				TargetAttributes = {
					DD033EFC28EBB49B00E8F466 = {
						CreatedOnToolsVersion = 14.0;
					};
				};
			};
			buildConfigurationList = DD033EF828EBB49B00E8F466 /* Build configuration list for PBXProject "OpenGLExample" */;
			compatibilityVersion = "Xcode 14.0";
			developmentRegion = en;
			hasScannedForEncodings = 0;
			knownRegions = (
				en,
				Base,
			);
			mainGroup = DD033EF428EBB49B00E8F466;
			productRefGroup = DD033EFE28EBB49B00E8F466 /* Products */;
			projectDirPath = "";
			projectRoot = "";
			targets = (
				DD033EFC28EBB49B00E8F466 /* OpenGLExample */,
			);
		};
/* End PBXProject section */

/* Begin PBXResourcesBuildPhase section */
		DD033EFB28EBB49B00E8F466 /* Resources */ = {
			isa = PBXResourcesBuildPhase;
			buildActionMask = 2147483647;
			files = (
				DD2142382903855D00DF3575 /* PostProcessingGaussianBlurFragment.glsl in Resources */,
				DD21422E2901FFD400DF3575 /* PostProcessingInverceFragment.glsl in Resources */,
				DDF155002908BB2C0039D5C4 /* GravityPointsFragment.glsl in Resources */,
				DD351A0E2904E74A00C50D50 /* PostProcessingFragment.glsl in Resources */,
				DD351A1329056B1800C50D50 /* PointsVertex.glsl in Resources */,
				DDD8AEAE28FCD42D006C70C8 /* Obj3DFragment.glsl in Resources */,
				DD2142322902217B00DF3575 /* PostProcessingGrayscaleFragment.glsl in Resources */,
				DDD8AEAA28FCD35E006C70C8 /* Obj3DVertex.glsl in Resources */,
				DD214234290222B600DF3575 /* PostProcessingBlurFragment.glsl in Resources */,
				DDEA70B2290EEA6F00D9B92D /* TextureVertex.glsl in Resources */,
				DDD8AEA328FB0CAF006C70C8 /* ObjWithTextureVertex.glsl in Resources */,
				DD214236290226B500DF3575 /* PostProcessingSobelFragment.glsl in Resources */,
				DD033F0D28EBB49D00E8F466 /* LaunchScreen.storyboard in Resources */,
				DD351A1529056B4F00C50D50 /* PointsFragment.glsl in Resources */,
				DD351A102904E7E100C50D50 /* PostProcessing3DVertex.glsl in Resources */,
				DDEA70B4290EEA7F00D9B92D /* TextureFragment.glsl in Resources */,
				DDF154FE2908BA670039D5C4 /* GravityPointsVertex.glsl in Resources */,
				DDAABDFF28F1EA5100A1B170 /* SimpleFragment.glsl in Resources */,
				DD033F0A28EBB49D00E8F466 /* Assets.xcassets in Resources */,
				DDAABDFB28F1E9EC00A1B170 /* SimpleVertex.glsl in Resources */,
				DDAABE1828F3742100A1B170 /* TextureWithWaterEffectFragment.glsl in Resources */,
				DD21422C2901FF6500DF3575 /* PostProcessingVertex.glsl in Resources */,
				DDAABE0D28F242E000A1B170 /* TextureMixFragment.glsl in Resources */,
			);
			runOnlyForDeploymentPostprocessing = 0;
		};
/* End PBXResourcesBuildPhase section */

/* Begin PBXSourcesBuildPhase section */
		DD033EF928EBB49B00E8F466 /* Sources */ = {
			isa = PBXSourcesBuildPhase;
			buildActionMask = 2147483647;
			files = (
				DDAABE0728F2395C00A1B170 /* GLShader.swift in Sources */,
				DDD8AE9D28FB0929006C70C8 /* Object2DWithColorDescriptor.swift in Sources */,
				DDAABE1128F36AF900A1B170 /* Image.swift in Sources */,
				DDD8AEA728FCD219006C70C8 /* Object3DWithColorDescriptor.swift in Sources */,
				DD7A8F59290B612100A03B79 /* GravityPointsDescriptor.swift in Sources */,
				DDD8AE9928FB088B006C70C8 /* GLMeshDescriptor.swift in Sources */,
				DDAABE0328F22D9100A1B170 /* GLMesh.swift in Sources */,
				DDAABDF828F1E80400A1B170 /* GLProgram.swift in Sources */,
				DD033F0528EBB49B00E8F466 /* GLViewController.swift in Sources */,
				DD351A0C2904E66500C50D50 /* BoxWithPanelRenderer.swift in Sources */,
				DD21423A290491BC00DF3575 /* GLShaderUniform.swift in Sources */,
				DD011D062900F95F0089C4F3 /* BoxPostProcessingRenderer.swift in Sources */,
				DDEA70AD290E110C00D9B92D /* RenderersListViewControllerOutput.swift in Sources */,
				DDAABE1628F36EA400A1B170 /* Renderers.swift in Sources */,
				DD7A8F5B290B62A100A03B79 /* GLFeedbackVaryings.swift in Sources */,
				DD5CC0D3290CC0C900471A29 /* Array+Unsafe.swift in Sources */,
				DDEA70A6290E035600D9B92D /* RenderersListViewController.swift in Sources */,
				DDAABE0528F2358900A1B170 /* GLRenderer.swift in Sources */,
				DD351A1729056C8200C50D50 /* Points2Descriptor.swift in Sources */,
				DD5CC0D5290CC34700471A29 /* GLKMatrix4+Unsafe.swift in Sources */,
				DD033F0128EBB49B00E8F466 /* AppDelegate.swift in Sources */,
				DDD8AEA528FCCEFE006C70C8 /* BoxWithMirroringRenderer.swift in Sources */,
				DDEA70AB290E0EB900D9B92D /* GLRendererModel.swift in Sources */,
				DD351A192905730800C50D50 /* PointsRenderer.swift in Sources */,
				DD214230290201CE00DF3575 /* Object2DWithTextureDescriptor.swift in Sources */,
				DDEA70A9290E094800D9B92D /* RenderersListTableViewtCell.swift in Sources */,
				DDD8AE9528F89050006C70C8 /* GLMath.swift in Sources */,
				DD21423C2904981400DF3575 /* BoxTwoPassGaussianBlurRenderer.swift in Sources */,
				DDAABE1428F36C3D00A1B170 /* ObjWithTextureRenderer.swift in Sources */,
				DD5CC0D1290CC03200471A29 /* String+Unsafe.swift in Sources */,
				DDAABE0F28F32FAD00A1B170 /* GLTexture.swift in Sources */,
				DDBF68A729162AD90026BB8E /* GLRendererDelegate.swift in Sources */,
				DDAABE0128F2132F00A1B170 /* GLVertexAttributes.swift in Sources */,
				DDEA70AF290EE8FC00D9B92D /* TextureRenderer.swift in Sources */,
				DDD8AE9F28FB0AB4006C70C8 /* Object3DWithTextureDescriptor.swift in Sources */,
				DDF154FB2908BA1B0039D5C4 /* GravityPointsRenderer.swift in Sources */,
			);
			runOnlyForDeploymentPostprocessing = 0;
		};
/* End PBXSourcesBuildPhase section */

/* Begin PBXVariantGroup section */
		DD033F0B28EBB49D00E8F466 /* LaunchScreen.storyboard */ = {
			isa = PBXVariantGroup;
			children = (
				DD033F0C28EBB49D00E8F466 /* Base */,
			);
			name = LaunchScreen.storyboard;
			sourceTree = "<group>";
		};
/* End PBXVariantGroup section */

/* Begin XCBuildConfiguration section */
		DD033F0F28EBB49D00E8F466 /* Debug */ = {
			isa = XCBuildConfiguration;
			buildSettings = {
				ALWAYS_SEARCH_USER_PATHS = NO;
				CLANG_ANALYZER_NONNULL = YES;
				CLANG_ANALYZER_NUMBER_OBJECT_CONVERSION = YES_AGGRESSIVE;
				CLANG_CXX_LANGUAGE_STANDARD = "gnu++20";
				CLANG_ENABLE_MODULES = YES;
				CLANG_ENABLE_OBJC_ARC = YES;
				CLANG_ENABLE_OBJC_WEAK = YES;
				CLANG_WARN_BLOCK_CAPTURE_AUTORELEASING = YES;
				CLANG_WARN_BOOL_CONVERSION = YES;
				CLANG_WARN_COMMA = YES;
				CLANG_WARN_CONSTANT_CONVERSION = YES;
				CLANG_WARN_DEPRECATED_OBJC_IMPLEMENTATIONS = YES;
				CLANG_WARN_DIRECT_OBJC_ISA_USAGE = YES_ERROR;
				CLANG_WARN_DOCUMENTATION_COMMENTS = YES;
				CLANG_WARN_EMPTY_BODY = YES;
				CLANG_WARN_ENUM_CONVERSION = YES;
				CLANG_WARN_INFINITE_RECURSION = YES;
				CLANG_WARN_INT_CONVERSION = YES;
				CLANG_WARN_NON_LITERAL_NULL_CONVERSION = YES;
				CLANG_WARN_OBJC_IMPLICIT_RETAIN_SELF = YES;
				CLANG_WARN_OBJC_LITERAL_CONVERSION = YES;
				CLANG_WARN_OBJC_ROOT_CLASS = YES_ERROR;
				CLANG_WARN_QUOTED_INCLUDE_IN_FRAMEWORK_HEADER = YES;
				CLANG_WARN_RANGE_LOOP_ANALYSIS = YES;
				CLANG_WARN_STRICT_PROTOTYPES = YES;
				CLANG_WARN_SUSPICIOUS_MOVE = YES;
				CLANG_WARN_UNGUARDED_AVAILABILITY = YES_AGGRESSIVE;
				CLANG_WARN_UNREACHABLE_CODE = YES;
				CLANG_WARN__DUPLICATE_METHOD_MATCH = YES;
				COPY_PHASE_STRIP = NO;
				DEBUG_INFORMATION_FORMAT = dwarf;
				ENABLE_STRICT_OBJC_MSGSEND = YES;
				ENABLE_TESTABILITY = YES;
				GCC_C_LANGUAGE_STANDARD = gnu11;
				GCC_DYNAMIC_NO_PIC = NO;
				GCC_NO_COMMON_BLOCKS = YES;
				GCC_OPTIMIZATION_LEVEL = 0;
				GCC_PREPROCESSOR_DEFINITIONS = (
					"DEBUG=1",
					"$(inherited)",
					"GLES_SILENCE_DEPRECATION=1",
				);
				GCC_WARN_64_TO_32_BIT_CONVERSION = YES;
				GCC_WARN_ABOUT_RETURN_TYPE = YES_ERROR;
				GCC_WARN_UNDECLARED_SELECTOR = YES;
				GCC_WARN_UNINITIALIZED_AUTOS = YES_AGGRESSIVE;
				GCC_WARN_UNUSED_FUNCTION = YES;
				GCC_WARN_UNUSED_VARIABLE = YES;
				IPHONEOS_DEPLOYMENT_TARGET = 16.0;
				MTL_ENABLE_DEBUG_INFO = INCLUDE_SOURCE;
				MTL_FAST_MATH = YES;
				ONLY_ACTIVE_ARCH = YES;
				SDKROOT = iphoneos;
				SWIFT_ACTIVE_COMPILATION_CONDITIONS = DEBUG;
				SWIFT_OPTIMIZATION_LEVEL = "-Onone";
			};
			name = Debug;
		};
		DD033F1028EBB49D00E8F466 /* Release */ = {
			isa = XCBuildConfiguration;
			buildSettings = {
				ALWAYS_SEARCH_USER_PATHS = NO;
				CLANG_ANALYZER_NONNULL = YES;
				CLANG_ANALYZER_NUMBER_OBJECT_CONVERSION = YES_AGGRESSIVE;
				CLANG_CXX_LANGUAGE_STANDARD = "gnu++20";
				CLANG_ENABLE_MODULES = YES;
				CLANG_ENABLE_OBJC_ARC = YES;
				CLANG_ENABLE_OBJC_WEAK = YES;
				CLANG_WARN_BLOCK_CAPTURE_AUTORELEASING = YES;
				CLANG_WARN_BOOL_CONVERSION = YES;
				CLANG_WARN_COMMA = YES;
				CLANG_WARN_CONSTANT_CONVERSION = YES;
				CLANG_WARN_DEPRECATED_OBJC_IMPLEMENTATIONS = YES;
				CLANG_WARN_DIRECT_OBJC_ISA_USAGE = YES_ERROR;
				CLANG_WARN_DOCUMENTATION_COMMENTS = YES;
				CLANG_WARN_EMPTY_BODY = YES;
				CLANG_WARN_ENUM_CONVERSION = YES;
				CLANG_WARN_INFINITE_RECURSION = YES;
				CLANG_WARN_INT_CONVERSION = YES;
				CLANG_WARN_NON_LITERAL_NULL_CONVERSION = YES;
				CLANG_WARN_OBJC_IMPLICIT_RETAIN_SELF = YES;
				CLANG_WARN_OBJC_LITERAL_CONVERSION = YES;
				CLANG_WARN_OBJC_ROOT_CLASS = YES_ERROR;
				CLANG_WARN_QUOTED_INCLUDE_IN_FRAMEWORK_HEADER = YES;
				CLANG_WARN_RANGE_LOOP_ANALYSIS = YES;
				CLANG_WARN_STRICT_PROTOTYPES = YES;
				CLANG_WARN_SUSPICIOUS_MOVE = YES;
				CLANG_WARN_UNGUARDED_AVAILABILITY = YES_AGGRESSIVE;
				CLANG_WARN_UNREACHABLE_CODE = YES;
				CLANG_WARN__DUPLICATE_METHOD_MATCH = YES;
				COPY_PHASE_STRIP = NO;
				DEBUG_INFORMATION_FORMAT = "dwarf-with-dsym";
				ENABLE_NS_ASSERTIONS = NO;
				ENABLE_STRICT_OBJC_MSGSEND = YES;
				GCC_C_LANGUAGE_STANDARD = gnu11;
				GCC_NO_COMMON_BLOCKS = YES;
				GCC_PREPROCESSOR_DEFINITIONS = "GLES_SILENCE_DEPRECATION=1";
				GCC_WARN_64_TO_32_BIT_CONVERSION = YES;
				GCC_WARN_ABOUT_RETURN_TYPE = YES_ERROR;
				GCC_WARN_UNDECLARED_SELECTOR = YES;
				GCC_WARN_UNINITIALIZED_AUTOS = YES_AGGRESSIVE;
				GCC_WARN_UNUSED_FUNCTION = YES;
				GCC_WARN_UNUSED_VARIABLE = YES;
				IPHONEOS_DEPLOYMENT_TARGET = 16.0;
				MTL_ENABLE_DEBUG_INFO = NO;
				MTL_FAST_MATH = YES;
				SDKROOT = iphoneos;
				SWIFT_COMPILATION_MODE = wholemodule;
				SWIFT_OPTIMIZATION_LEVEL = "-O";
				VALIDATE_PRODUCT = YES;
			};
			name = Release;
		};
		DD033F1228EBB49D00E8F466 /* Debug */ = {
			isa = XCBuildConfiguration;
			buildSettings = {
				ASSETCATALOG_COMPILER_APPICON_NAME = AppIcon;
				ASSETCATALOG_COMPILER_GLOBAL_ACCENT_COLOR_NAME = AccentColor;
				CODE_SIGN_STYLE = Automatic;
				CURRENT_PROJECT_VERSION = 1;
				DEVELOPMENT_TEAM = G62NMGFRS3;
				GENERATE_INFOPLIST_FILE = YES;
				INFOPLIST_FILE = "";
				INFOPLIST_KEY_UIApplicationSupportsIndirectInputEvents = YES;
				INFOPLIST_KEY_UILaunchStoryboardName = LaunchScreen;
				INFOPLIST_KEY_UISupportedInterfaceOrientations = "UIInterfaceOrientationLandscapeLeft UIInterfaceOrientationLandscapeRight UIInterfaceOrientationPortrait UIInterfaceOrientationPortraitUpsideDown";
				IPHONEOS_DEPLOYMENT_TARGET = 14.0;
				LD_RUNPATH_SEARCH_PATHS = (
					"$(inherited)",
					"@executable_path/Frameworks",
				);
				MARKETING_VERSION = 1.0;
				PRODUCT_BUNDLE_IDENTIFIER = OGI.OpenGLExample;
				PRODUCT_NAME = "$(TARGET_NAME)";
				SWIFT_EMIT_LOC_STRINGS = YES;
				SWIFT_VERSION = 5.0;
				TARGETED_DEVICE_FAMILY = "1,2";
			};
			name = Debug;
		};
		DD033F1328EBB49D00E8F466 /* Release */ = {
			isa = XCBuildConfiguration;
			buildSettings = {
				ASSETCATALOG_COMPILER_APPICON_NAME = AppIcon;
				ASSETCATALOG_COMPILER_GLOBAL_ACCENT_COLOR_NAME = AccentColor;
				CODE_SIGN_STYLE = Automatic;
				CURRENT_PROJECT_VERSION = 1;
				DEVELOPMENT_TEAM = G62NMGFRS3;
				GENERATE_INFOPLIST_FILE = YES;
				INFOPLIST_FILE = "";
				INFOPLIST_KEY_UIApplicationSupportsIndirectInputEvents = YES;
				INFOPLIST_KEY_UILaunchStoryboardName = LaunchScreen;
				INFOPLIST_KEY_UISupportedInterfaceOrientations = "UIInterfaceOrientationLandscapeLeft UIInterfaceOrientationLandscapeRight UIInterfaceOrientationPortrait UIInterfaceOrientationPortraitUpsideDown";
				IPHONEOS_DEPLOYMENT_TARGET = 14.0;
				LD_RUNPATH_SEARCH_PATHS = (
					"$(inherited)",
					"@executable_path/Frameworks",
				);
				MARKETING_VERSION = 1.0;
				PRODUCT_BUNDLE_IDENTIFIER = OGI.OpenGLExample;
				PRODUCT_NAME = "$(TARGET_NAME)";
				SWIFT_EMIT_LOC_STRINGS = YES;
				SWIFT_VERSION = 5.0;
				TARGETED_DEVICE_FAMILY = "1,2";
			};
			name = Release;
		};
/* End XCBuildConfiguration section */

/* Begin XCConfigurationList section */
		DD033EF828EBB49B00E8F466 /* Build configuration list for PBXProject "OpenGLExample" */ = {
			isa = XCConfigurationList;
			buildConfigurations = (
				DD033F0F28EBB49D00E8F466 /* Debug */,
				DD033F1028EBB49D00E8F466 /* Release */,
			);
			defaultConfigurationIsVisible = 0;
			defaultConfigurationName = Release;
		};
		DD033F1128EBB49D00E8F466 /* Build configuration list for PBXNativeTarget "OpenGLExample" */ = {
			isa = XCConfigurationList;
			buildConfigurations = (
				DD033F1228EBB49D00E8F466 /* Debug */,
				DD033F1328EBB49D00E8F466 /* Release */,
			);
			defaultConfigurationIsVisible = 0;
			defaultConfigurationName = Release;
		};
/* End XCConfigurationList section */
	};
	rootObject = DD033EF528EBB49B00E8F466 /* Project object */;
}
